
Microsoft Visual Studio Solution File, Format Version 12.00
# Visual Studio Version 16
VisualStudioVersion = 16.0.31729.503
MinimumVisualStudioVersion = 10.0.40219.1
Project("{FAE04EC0-301F-11D3-BF4B-00C04F79EFBC}") = "01-02-03-BalanceProject", "01-02-03-BalanceProject.csproj", "{42C1E31F-93C0-46AB-A2C2-0E12688225DF}"
EndProject
Project("{9A19103F-16F7-4668-BE54-9A1E7A4F7556}") = "tests", "..\tests\tests.csproj", "{22EA3CDC-B0B9-4539-B6E2-31729F598108}"
EndProject
Global
	GlobalSection(SolutionConfigurationPlatforms) = preSolution
		Debug|Any CPU = Debug|Any CPU
		Release|Any CPU = Release|Any CPU
	EndGlobalSection
	GlobalSection(ProjectConfigurationPlatforms) = postSolution
		{42C1E31F-93C0-46AB-A2C2-0E12688225DF}.Debug|Any CPU.ActiveCfg = Debug|Any CPU
		{42C1E31F-93C0-46AB-A2C2-0E12688225DF}.Debug|Any CPU.Build.0 = Debug|Any CPU
		{42C1E31F-93C0-46AB-A2C2-0E12688225DF}.Release|Any CPU.ActiveCfg = Release|Any CPU
		{42C1E31F-93C0-46AB-A2C2-0E12688225DF}.Release|Any CPU.Build.0 = Release|Any CPU
		{22EA3CDC-B0B9-4539-B6E2-31729F598108}.Debug|Any CPU.ActiveCfg = Debug|Any CPU
		{22EA3CDC-B0B9-4539-B6E2-31729F598108}.Debug|Any CPU.Build.0 = Debug|Any CPU
		{22EA3CDC-B0B9-4539-B6E2-31729F598108}.Release|Any CPU.ActiveCfg = Release|Any CPU
		{22EA3CDC-B0B9-4539-B6E2-31729F598108}.Release|Any CPU.Build.0 = Release|Any CPU
	EndGlobalSection
	GlobalSection(SolutionProperties) = preSolution
		HideSolutionNode = FALSE
	EndGlobalSection
	GlobalSection(ExtensibilityGlobals) = postSolution
		SolutionGuid = {B277A065-BE19-43E6-8E7F-4A5E12CF1582}
	EndGlobalSection
EndGlobal
